
Microsoft Visual Studio Solution File, Format Version 12.00
# Visual Studio 15
VisualStudioVersion = 15.0.27703.2018
MinimumVisualStudioVersion = 10.0.40219.1
Project("{FAE04EC0-301F-11D3-BF4B-00C04F79EFBC}") = "OOP_Control", "OOP_Control\OOP_Control.csproj", "{0D358973-1FFB-4E7A-B3A3-0C0919701D24}"
EndProject
Global
	GlobalSection(SolutionConfigurationPlatforms) = preSolution
		Debug|Any CPU = Debug|Any CPU
		Release|Any CPU = Release|Any CPU
	EndGlobalSection
	GlobalSection(ProjectConfigurationPlatforms) = postSolution
		{0D358973-1FFB-4E7A-B3A3-0C0919701D24}.Debug|Any CPU.ActiveCfg = Debug|Any CPU
		{0D358973-1FFB-4E7A-B3A3-0C0919701D24}.Debug|Any CPU.Build.0 = Debug|Any CPU
		{0D358973-1FFB-4E7A-B3A3-0C0919701D24}.Release|Any CPU.ActiveCfg = Release|Any CPU
		{0D358973-1FFB-4E7A-B3A3-0C0919701D24}.Release|Any CPU.Build.0 = Release|Any CPU
	EndGlobalSection
	GlobalSection(SolutionProperties) = preSolution
		HideSolutionNode = FALSE
	EndGlobalSection
	GlobalSection(ExtensibilityGlobals) = postSolution
		SolutionGuid = {5C9EBBE0-9E2A-4E35-8177-A18385B6CFE0}
	EndGlobalSection
EndGlobal
